
Microsoft Visual Studio Solution File, Format Version 12.00
# Visual Studio Version 17
VisualStudioVersion = 17.10.34928.147
MinimumVisualStudioVersion = 10.0.40219.1
Project("{FAE04EC0-301F-11D3-BF4B-00C04F79EFBC}") = "shozi web 1", "shozi web 1\shozi web 1.csproj", "{AE85E2EA-D1EA-4930-8B18-36662DCA169D}"
EndProject
Global
	GlobalSection(SolutionConfigurationPlatforms) = preSolution
		Debug|Any CPU = Debug|Any CPU
		Release|Any CPU = Release|Any CPU
	EndGlobalSection
	GlobalSection(ProjectConfigurationPlatforms) = postSolution
		{AE85E2EA-D1EA-4930-8B18-36662DCA169D}.Debug|Any CPU.ActiveCfg = Debug|Any CPU
		{AE85E2EA-D1EA-4930-8B18-36662DCA169D}.Debug|Any CPU.Build.0 = Debug|Any CPU
		{AE85E2EA-D1EA-4930-8B18-36662DCA169D}.Release|Any CPU.ActiveCfg = Release|Any CPU
		{AE85E2EA-D1EA-4930-8B18-36662DCA169D}.Release|Any CPU.Build.0 = Release|Any CPU
	EndGlobalSection
	GlobalSection(SolutionProperties) = preSolution
		HideSolutionNode = FALSE
	EndGlobalSection
	GlobalSection(ExtensibilityGlobals) = postSolution
		SolutionGuid = {48671A07-D9B3-45C1-B424-0703B36104A6}
	EndGlobalSection
EndGlobal
